// !$*UTF8*$!
{
	archiveVersion = 1;
	classes = {
	};
	objectVersion = 55;
	objects = {

/* Begin PBXBuildFile section */
		F825D2CF2729896C00427673 /* AppDelegate.swift in Sources */ = {isa = PBXBuildFile; fileRef = F825D2CE2729896C00427673 /* AppDelegate.swift */; };
		F825D2D12729896C00427673 /* SceneDelegate.swift in Sources */ = {isa = PBXBuildFile; fileRef = F825D2D02729896C00427673 /* SceneDelegate.swift */; };
		F825D2D32729896C00427673 /* ViewController.swift in Sources */ = {isa = PBXBuildFile; fileRef = F825D2D22729896C00427673 /* ViewController.swift */; };
		F825D2D82729896D00427673 /* Assets.xcassets in Resources */ = {isa = PBXBuildFile; fileRef = F825D2D72729896D00427673 /* Assets.xcassets */; };
		F825D2DB2729896D00427673 /* LaunchScreen.storyboard in Resources */ = {isa = PBXBuildFile; fileRef = F825D2D92729896D00427673 /* LaunchScreen.storyboard */; };
		F825D2E427298A5600427673 /* CardCell.swift in Sources */ = {isa = PBXBuildFile; fileRef = F825D2E227298A5600427673 /* CardCell.swift */; };
		F825D2E527298A5600427673 /* CardCell.xib in Resources */ = {isa = PBXBuildFile; fileRef = F825D2E327298A5600427673 /* CardCell.xib */; };
		F825D2E727298D8600427673 /* Word.swift in Sources */ = {isa = PBXBuildFile; fileRef = F825D2E627298D8600427673 /* Word.swift */; };
		F825D2EC2729930200427673 /* Main.storyboard in Resources */ = {isa = PBXBuildFile; fileRef = F825D2EB2729930200427673 /* Main.storyboard */; };
		F874C3572729DEDD005C146D /* Constants.swift in Sources */ = {isa = PBXBuildFile; fileRef = F874C3562729DEDD005C146D /* Constants.swift */; };
/* End PBXBuildFile section */

/* Begin PBXFileReference section */
		F825D2CB2729896C00427673 /* ReviewProject10-MemoryGame.app */ = {isa = PBXFileReference; explicitFileType = wrapper.application; includeInIndex = 0; path = "ReviewProject10-MemoryGame.app"; sourceTree = BUILT_PRODUCTS_DIR; };
		F825D2CE2729896C00427673 /* AppDelegate.swift */ = {isa = PBXFileReference; lastKnownFileType = sourcecode.swift; path = AppDelegate.swift; sourceTree = "<group>"; };
		F825D2D02729896C00427673 /* SceneDelegate.swift */ = {isa = PBXFileReference; lastKnownFileType = sourcecode.swift; path = SceneDelegate.swift; sourceTree = "<group>"; };
		F825D2D22729896C00427673 /* ViewController.swift */ = {isa = PBXFileReference; lastKnownFileType = sourcecode.swift; path = ViewController.swift; sourceTree = "<group>"; };
		F825D2D72729896D00427673 /* Assets.xcassets */ = {isa = PBXFileReference; lastKnownFileType = folder.assetcatalog; path = Assets.xcassets; sourceTree = "<group>"; };
		F825D2DA2729896D00427673 /* Base */ = {isa = PBXFileReference; lastKnownFileType = file.storyboard; name = Base; path = Base.lproj/LaunchScreen.storyboard; sourceTree = "<group>"; };
		F825D2DC2729896D00427673 /* Info.plist */ = {isa = PBXFileReference; lastKnownFileType = text.plist.xml; path = Info.plist; sourceTree = "<group>"; };
		F825D2E227298A5600427673 /* CardCell.swift */ = {isa = PBXFileReference; lastKnownFileType = sourcecode.swift; path = CardCell.swift; sourceTree = "<group>"; };
		F825D2E327298A5600427673 /* CardCell.xib */ = {isa = PBXFileReference; lastKnownFileType = file.xib; path = CardCell.xib; sourceTree = "<group>"; };
		F825D2E627298D8600427673 /* Word.swift */ = {isa = PBXFileReference; lastKnownFileType = sourcecode.swift; path = Word.swift; sourceTree = "<group>"; };
		F825D2EB2729930200427673 /* Main.storyboard */ = {isa = PBXFileReference; lastKnownFileType = file.storyboard; path = Main.storyboard; sourceTree = "<group>"; };
		F874C3562729DEDD005C146D /* Constants.swift */ = {isa = PBXFileReference; lastKnownFileType = sourcecode.swift; path = Constants.swift; sourceTree = "<group>"; };
/* End PBXFileReference section */

/* Begin PBXFrameworksBuildPhase section */
		F825D2C82729896C00427673 /* Frameworks */ = {
			isa = PBXFrameworksBuildPhase;
			buildActionMask = 2147483647;
			files = (
			);
			runOnlyForDeploymentPostprocessing = 0;
		};
/* End PBXFrameworksBuildPhase section */

/* Begin PBXGroup section */
		F825D2C22729896C00427673 = {
			isa = PBXGroup;
			children = (
				F825D2CD2729896C00427673 /* ReviewProject10-MemoryGame */,
				F825D2CC2729896C00427673 /* Products */,
			);
			sourceTree = "<group>";
		};
		F825D2CC2729896C00427673 /* Products */ = {
			isa = PBXGroup;
			children = (
				F825D2CB2729896C00427673 /* ReviewProject10-MemoryGame.app */,
			);
			name = Products;
			sourceTree = "<group>";
		};
		F825D2CD2729896C00427673 /* ReviewProject10-MemoryGame */ = {
			isa = PBXGroup;
			children = (
				F825D2CE2729896C00427673 /* AppDelegate.swift */,
				F825D2D02729896C00427673 /* SceneDelegate.swift */,
				F874C3562729DEDD005C146D /* Constants.swift */,
				F825D2E92729927D00427673 /* Controllers */,
				F825D2E82729927500427673 /* Models */,
				F825D2EA2729928500427673 /* Views */,
				F825D2D72729896D00427673 /* Assets.xcassets */,
				F825D2DC2729896D00427673 /* Info.plist */,
			);
			path = "ReviewProject10-MemoryGame";
			sourceTree = "<group>";
		};
		F825D2E82729927500427673 /* Models */ = {
			isa = PBXGroup;
			children = (
				F825D2E627298D8600427673 /* Word.swift */,
			);
			path = Models;
			sourceTree = "<group>";
		};
		F825D2E92729927D00427673 /* Controllers */ = {
			isa = PBXGroup;
			children = (
				F825D2D22729896C00427673 /* ViewController.swift */,
				F825D2E227298A5600427673 /* CardCell.swift */,
			);
			path = Controllers;
			sourceTree = "<group>";
		};
		F825D2EA2729928500427673 /* Views */ = {
			isa = PBXGroup;
			children = (
				F825D2E327298A5600427673 /* CardCell.xib */,
				F825D2D92729896D00427673 /* LaunchScreen.storyboard */,
				F825D2EB2729930200427673 /* Main.storyboard */,
			);
			path = Views;
			sourceTree = "<group>";
		};
/* End PBXGroup section */

/* Begin PBXNativeTarget section */
		F825D2CA2729896C00427673 /* ReviewProject10-MemoryGame */ = {
			isa = PBXNativeTarget;
			buildConfigurationList = F825D2DF2729896D00427673 /* Build configuration list for PBXNativeTarget "ReviewProject10-MemoryGame" */;
			buildPhases = (
				F825D2C72729896C00427673 /* Sources */,
				F825D2C82729896C00427673 /* Frameworks */,
				F825D2C92729896C00427673 /* Resources */,
			);
			buildRules = (
			);
			dependencies = (
			);
			name = "ReviewProject10-MemoryGame";
			productName = "ReviewProject10-MemoryGame";
			productReference = F825D2CB2729896C00427673 /* ReviewProject10-MemoryGame.app */;
			productType = "com.apple.product-type.application";
		};
/* End PBXNativeTarget section */

/* Begin PBXProject section */
		F825D2C32729896C00427673 /* Project object */ = {
			isa = PBXProject;
			attributes = {
				BuildIndependentTargetsInParallel = 1;
				LastSwiftUpdateCheck = 1310;
				LastUpgradeCheck = 1310;
				TargetAttributes = {
					F825D2CA2729896C00427673 = {
						CreatedOnToolsVersion = 13.1;
					};
				};
			};
			buildConfigurationList = F825D2C62729896C00427673 /* Build configuration list for PBXProject "ReviewProject10-MemoryGame" */;
			compatibilityVersion = "Xcode 13.0";
			developmentRegion = en;
			hasScannedForEncodings = 0;
			knownRegions = (
				en,
				Base,
			);
			mainGroup = F825D2C22729896C00427673;
			productRefGroup = F825D2CC2729896C00427673 /* Products */;
			projectDirPath = "";
			projectRoot = "";
			targets = (
				F825D2CA2729896C00427673 /* ReviewProject10-MemoryGame */,
			);
		};
/* End PBXProject section */

/* Begin PBXResourcesBuildPhase section */
		F825D2C92729896C00427673 /* Resources */ = {
			isa = PBXResourcesBuildPhase;
			buildActionMask = 2147483647;
			files = (
				F825D2DB2729896D00427673 /* LaunchScreen.storyboard in Resources */,
				F825D2D82729896D00427673 /* Assets.xcassets in Resources */,
				F825D2E527298A5600427673 /* CardCell.xib in Resources */,
				F825D2EC2729930200427673 /* Main.storyboard in Resources */,
			);
			runOnlyForDeploymentPostprocessing = 0;
		};
/* End PBXResourcesBuildPhase section */

/* Begin PBXSourcesBuildPhase section */
		F825D2C72729896C00427673 /* Sources */ = {
			isa = PBXSourcesBuildPhase;
			buildActionMask = 2147483647;
			files = (
				F825D2D32729896C00427673 /* ViewController.swift in Sources */,
				F825D2CF2729896C00427673 /* AppDelegate.swift in Sources */,
				F825D2E727298D8600427673 /* Word.swift in Sources */,
				F825D2E427298A5600427673 /* CardCell.swift in Sources */,
				F825D2D12729896C00427673 /* SceneDelegate.swift in Sources */,
				F874C3572729DEDD005C146D /* Constants.swift in Sources */,
			);
			runOnlyForDeploymentPostprocessing = 0;
		};
/* End PBXSourcesBuildPhase section */

/* Begin PBXVariantGroup section */
		F825D2D92729896D00427673 /* LaunchScreen.storyboard */ = {
			isa = PBXVariantGroup;
			children = (
				F825D2DA2729896D00427673 /* Base */,
			);
			name = LaunchScreen.storyboard;
			sourceTree = "<group>";
		};
/* End PBXVariantGroup section */

/* Begin XCBuildConfiguration section */
		F825D2DD2729896D00427673 /* Debug */ = {
			isa = XCBuildConfiguration;
			buildSettings = {
				ALWAYS_SEARCH_USER_PATHS = NO;
				CLANG_ANALYZER_NONNULL = YES;
				CLANG_ANALYZER_NUMBER_OBJECT_CONVERSION = YES_AGGRESSIVE;
				CLANG_CXX_LANGUAGE_STANDARD = "gnu++17";
				CLANG_CXX_LIBRARY = "libc++";
				CLANG_ENABLE_MODULES = YES;
				CLANG_ENABLE_OBJC_ARC = YES;
				CLANG_ENABLE_OBJC_WEAK = YES;
				CLANG_WARN_BLOCK_CAPTURE_AUTORELEASING = YES;
				CLANG_WARN_BOOL_CONVERSION = YES;
				CLANG_WARN_COMMA = YES;
				CLANG_WARN_CONSTANT_CONVERSION = YES;
				CLANG_WARN_DEPRECATED_OBJC_IMPLEMENTATIONS = YES;
				CLANG_WARN_DIRECT_OBJC_ISA_USAGE = YES_ERROR;
				CLANG_WARN_DOCUMENTATION_COMMENTS = YES;
				CLANG_WARN_EMPTY_BODY = YES;
				CLANG_WARN_ENUM_CONVERSION = YES;
				CLANG_WARN_INFINITE_RECURSION = YES;
				CLANG_WARN_INT_CONVERSION = YES;
				CLANG_WARN_NON_LITERAL_NULL_CONVERSION = YES;
				CLANG_WARN_OBJC_IMPLICIT_RETAIN_SELF = YES;
				CLANG_WARN_OBJC_LITERAL_CONVERSION = YES;
				CLANG_WARN_OBJC_ROOT_CLASS = YES_ERROR;
				CLANG_WARN_QUOTED_INCLUDE_IN_FRAMEWORK_HEADER = YES;
				CLANG_WARN_RANGE_LOOP_ANALYSIS = YES;
				CLANG_WARN_STRICT_PROTOTYPES = YES;
				CLANG_WARN_SUSPICIOUS_MOVE = YES;
				CLANG_WARN_UNGUARDED_AVAILABILITY = YES_AGGRESSIVE;
				CLANG_WARN_UNREACHABLE_CODE = YES;
				CLANG_WARN__DUPLICATE_METHOD_MATCH = YES;
				COPY_PHASE_STRIP = NO;
				DEBUG_INFORMATION_FORMAT = dwarf;
				ENABLE_STRICT_OBJC_MSGSEND = YES;
				ENABLE_TESTABILITY = YES;
				GCC_C_LANGUAGE_STANDARD = gnu11;
				GCC_DYNAMIC_NO_PIC = NO;
				GCC_NO_COMMON_BLOCKS = YES;
				GCC_OPTIMIZATION_LEVEL = 0;
				GCC_PREPROCESSOR_DEFINITIONS = (
					"DEBUG=1",
					"$(inherited)",
				);
				GCC_WARN_64_TO_32_BIT_CONVERSION = YES;
				GCC_WARN_ABOUT_RETURN_TYPE = YES_ERROR;
				GCC_WARN_UNDECLARED_SELECTOR = YES;
				GCC_WARN_UNINITIALIZED_AUTOS = YES_AGGRESSIVE;
				GCC_WARN_UNUSED_FUNCTION = YES;
				GCC_WARN_UNUSED_VARIABLE = YES;
				IPHONEOS_DEPLOYMENT_TARGET = 15.0;
				MTL_ENABLE_DEBUG_INFO = INCLUDE_SOURCE;
				MTL_FAST_MATH = YES;
				ONLY_ACTIVE_ARCH = YES;
				SDKROOT = iphoneos;
				SWIFT_ACTIVE_COMPILATION_CONDITIONS = DEBUG;
				SWIFT_OPTIMIZATION_LEVEL = "-Onone";
			};
			name = Debug;
		};
		F825D2DE2729896D00427673 /* Release */ = {
			isa = XCBuildConfiguration;
			buildSettings = {
				ALWAYS_SEARCH_USER_PATHS = NO;
				CLANG_ANALYZER_NONNULL = YES;
				CLANG_ANALYZER_NUMBER_OBJECT_CONVERSION = YES_AGGRESSIVE;
				CLANG_CXX_LANGUAGE_STANDARD = "gnu++17";
				CLANG_CXX_LIBRARY = "libc++";
				CLANG_ENABLE_MODULES = YES;
				CLANG_ENABLE_OBJC_ARC = YES;
				CLANG_ENABLE_OBJC_WEAK = YES;
				CLANG_WARN_BLOCK_CAPTURE_AUTORELEASING = YES;
				CLANG_WARN_BOOL_CONVERSION = YES;
				CLANG_WARN_COMMA = YES;
				CLANG_WARN_CONSTANT_CONVERSION = YES;
				CLANG_WARN_DEPRECATED_OBJC_IMPLEMENTATIONS = YES;
				CLANG_WARN_DIRECT_OBJC_ISA_USAGE = YES_ERROR;
				CLANG_WARN_DOCUMENTATION_COMMENTS = YES;
				CLANG_WARN_EMPTY_BODY = YES;
				CLANG_WARN_ENUM_CONVERSION = YES;
				CLANG_WARN_INFINITE_RECURSION = YES;
				CLANG_WARN_INT_CONVERSION = YES;
				CLANG_WARN_NON_LITERAL_NULL_CONVERSION = YES;
				CLANG_WARN_OBJC_IMPLICIT_RETAIN_SELF = YES;
				CLANG_WARN_OBJC_LITERAL_CONVERSION = YES;
				CLANG_WARN_OBJC_ROOT_CLASS = YES_ERROR;
				CLANG_WARN_QUOTED_INCLUDE_IN_FRAMEWORK_HEADER = YES;
				CLANG_WARN_RANGE_LOOP_ANALYSIS = YES;
				CLANG_WARN_STRICT_PROTOTYPES = YES;
				CLANG_WARN_SUSPICIOUS_MOVE = YES;
				CLANG_WARN_UNGUARDED_AVAILABILITY = YES_AGGRESSIVE;
				CLANG_WARN_UNREACHABLE_CODE = YES;
				CLANG_WARN__DUPLICATE_METHOD_MATCH = YES;
				COPY_PHASE_STRIP = NO;
				DEBUG_INFORMATION_FORMAT = "dwarf-with-dsym";
				ENABLE_NS_ASSERTIONS = NO;
				ENABLE_STRICT_OBJC_MSGSEND = YES;
				GCC_C_LANGUAGE_STANDARD = gnu11;
				GCC_NO_COMMON_BLOCKS = YES;
				GCC_WARN_64_TO_32_BIT_CONVERSION = YES;
				GCC_WARN_ABOUT_RETURN_TYPE = YES_ERROR;
				GCC_WARN_UNDECLARED_SELECTOR = YES;
				GCC_WARN_UNINITIALIZED_AUTOS = YES_AGGRESSIVE;
				GCC_WARN_UNUSED_FUNCTION = YES;
				GCC_WARN_UNUSED_VARIABLE = YES;
				IPHONEOS_DEPLOYMENT_TARGET = 15.0;
				MTL_ENABLE_DEBUG_INFO = NO;
				MTL_FAST_MATH = YES;
				SDKROOT = iphoneos;
				SWIFT_COMPILATION_MODE = wholemodule;
				SWIFT_OPTIMIZATION_LEVEL = "-O";
				VALIDATE_PRODUCT = YES;
			};
			name = Release;
		};
		F825D2E02729896D00427673 /* Debug */ = {
			isa = XCBuildConfiguration;
			buildSettings = {
				ASSETCATALOG_COMPILER_APPICON_NAME = AppIcon;
				ASSETCATALOG_COMPILER_GLOBAL_ACCENT_COLOR_NAME = AccentColor;
				CODE_SIGN_STYLE = Automatic;
				CURRENT_PROJECT_VERSION = 1;
				DEVELOPMENT_TEAM = 473AAT6556;
				GENERATE_INFOPLIST_FILE = YES;
				INFOPLIST_FILE = "ReviewProject10-MemoryGame/Info.plist";
				INFOPLIST_KEY_UIApplicationSupportsIndirectInputEvents = YES;
				INFOPLIST_KEY_UILaunchStoryboardName = LaunchScreen;
				INFOPLIST_KEY_UIMainStoryboardFile = Main;
				INFOPLIST_KEY_UISupportedInterfaceOrientations_iPad = "UIInterfaceOrientationPortrait UIInterfaceOrientationPortraitUpsideDown UIInterfaceOrientationLandscapeLeft UIInterfaceOrientationLandscapeRight";
				INFOPLIST_KEY_UISupportedInterfaceOrientations_iPhone = "UIInterfaceOrientationPortrait UIInterfaceOrientationLandscapeLeft UIInterfaceOrientationLandscapeRight";
				LD_RUNPATH_SEARCH_PATHS = (
					"$(inherited)",
					"@executable_path/Frameworks",
				);
				MARKETING_VERSION = 1.0;
				PRODUCT_BUNDLE_IDENTIFIER = "dev.matheuslenke.ReviewProject10-MemoryGame";
				PRODUCT_NAME = "$(TARGET_NAME)";
				SWIFT_EMIT_LOC_STRINGS = YES;
				SWIFT_VERSION = 5.0;
				TARGETED_DEVICE_FAMILY = "1,2";
			};
			name = Debug;
		};
		F825D2E12729896D00427673 /* Release */ = {
			isa = XCBuildConfiguration;
			buildSettings = {
				ASSETCATALOG_COMPILER_APPICON_NAME = AppIcon;
				ASSETCATALOG_COMPILER_GLOBAL_ACCENT_COLOR_NAME = AccentColor;
				CODE_SIGN_STYLE = Automatic;
				CURRENT_PROJECT_VERSION = 1;
				DEVELOPMENT_TEAM = 473AAT6556;
				GENERATE_INFOPLIST_FILE = YES;
				INFOPLIST_FILE = "ReviewProject10-MemoryGame/Info.plist";
				INFOPLIST_KEY_UIApplicationSupportsIndirectInputEvents = YES;
				INFOPLIST_KEY_UILaunchStoryboardName = LaunchScreen;
				INFOPLIST_KEY_UIMainStoryboardFile = Main;
				INFOPLIST_KEY_UISupportedInterfaceOrientations_iPad = "UIInterfaceOrientationPortrait UIInterfaceOrientationPortraitUpsideDown UIInterfaceOrientationLandscapeLeft UIInterfaceOrientationLandscapeRight";
				INFOPLIST_KEY_UISupportedInterfaceOrientations_iPhone = "UIInterfaceOrientationPortrait UIInterfaceOrientationLandscapeLeft UIInterfaceOrientationLandscapeRight";
				LD_RUNPATH_SEARCH_PATHS = (
					"$(inherited)",
					"@executable_path/Frameworks",
				);
				MARKETING_VERSION = 1.0;
				PRODUCT_BUNDLE_IDENTIFIER = "dev.matheuslenke.ReviewProject10-MemoryGame";
				PRODUCT_NAME = "$(TARGET_NAME)";
				SWIFT_EMIT_LOC_STRINGS = YES;
				SWIFT_VERSION = 5.0;
				TARGETED_DEVICE_FAMILY = "1,2";
			};
			name = Release;
		};
/* End XCBuildConfiguration section */

/* Begin XCConfigurationList section */
		F825D2C62729896C00427673 /* Build configuration list for PBXProject "ReviewProject10-MemoryGame" */ = {
			isa = XCConfigurationList;
			buildConfigurations = (
				F825D2DD2729896D00427673 /* Debug */,
				F825D2DE2729896D00427673 /* Release */,
			);
			defaultConfigurationIsVisible = 0;
			defaultConfigurationName = Release;
		};
		F825D2DF2729896D00427673 /* Build configuration list for PBXNativeTarget "ReviewProject10-MemoryGame" */ = {
			isa = XCConfigurationList;
			buildConfigurations = (
				F825D2E02729896D00427673 /* Debug */,
				F825D2E12729896D00427673 /* Release */,
			);
			defaultConfigurationIsVisible = 0;
			defaultConfigurationName = Release;
		};
/* End XCConfigurationList section */
	};
	rootObject = F825D2C32729896C00427673 /* Project object */;
}
