// !$*UTF8*$!
{
	archiveVersion = 1;
	classes = {
	};
	objectVersion = 50;
	objects = {

/* Begin PBXBuildFile section */
		F865AD91269D0B6200C4797E /* AppDelegate.swift in Sources */ = {isa = PBXBuildFile; fileRef = F865AD90269D0B6200C4797E /* AppDelegate.swift */; };
		F865AD93269D0B6200C4797E /* SceneDelegate.swift in Sources */ = {isa = PBXBuildFile; fileRef = F865AD92269D0B6200C4797E /* SceneDelegate.swift */; };
		F865AD95269D0B6200C4797E /* ViewController.swift in Sources */ = {isa = PBXBuildFile; fileRef = F865AD94269D0B6200C4797E /* ViewController.swift */; };
		F865AD98269D0B6200C4797E /* Main.storyboard in Resources */ = {isa = PBXBuildFile; fileRef = F865AD96269D0B6200C4797E /* Main.storyboard */; };
		F865AD9A269D0B6500C4797E /* Assets.xcassets in Resources */ = {isa = PBXBuildFile; fileRef = F865AD99269D0B6500C4797E /* Assets.xcassets */; };
		F865AD9D269D0B6500C4797E /* LaunchScreen.storyboard in Resources */ = {isa = PBXBuildFile; fileRef = F865AD9B269D0B6500C4797E /* LaunchScreen.storyboard */; };
		F865ADA5269D0C8E00C4797E /* start.txt in Resources */ = {isa = PBXBuildFile; fileRef = F865ADA4269D0C8E00C4797E /* start.txt */; };
/* End PBXBuildFile section */

/* Begin PBXFileReference section */
		F865AD8D269D0B6200C4797E /* Project5-WordGame.app */ = {isa = PBXFileReference; explicitFileType = wrapper.application; includeInIndex = 0; path = "Project5-WordGame.app"; sourceTree = BUILT_PRODUCTS_DIR; };
		F865AD90269D0B6200C4797E /* AppDelegate.swift */ = {isa = PBXFileReference; lastKnownFileType = sourcecode.swift; path = AppDelegate.swift; sourceTree = "<group>"; };
		F865AD92269D0B6200C4797E /* SceneDelegate.swift */ = {isa = PBXFileReference; lastKnownFileType = sourcecode.swift; path = SceneDelegate.swift; sourceTree = "<group>"; };
		F865AD94269D0B6200C4797E /* ViewController.swift */ = {isa = PBXFileReference; lastKnownFileType = sourcecode.swift; path = ViewController.swift; sourceTree = "<group>"; };
		F865AD97269D0B6200C4797E /* Base */ = {isa = PBXFileReference; lastKnownFileType = file.storyboard; name = Base; path = Base.lproj/Main.storyboard; sourceTree = "<group>"; };
		F865AD99269D0B6500C4797E /* Assets.xcassets */ = {isa = PBXFileReference; lastKnownFileType = folder.assetcatalog; path = Assets.xcassets; sourceTree = "<group>"; };
		F865AD9C269D0B6500C4797E /* Base */ = {isa = PBXFileReference; lastKnownFileType = file.storyboard; name = Base; path = Base.lproj/LaunchScreen.storyboard; sourceTree = "<group>"; };
		F865AD9E269D0B6500C4797E /* Info.plist */ = {isa = PBXFileReference; lastKnownFileType = text.plist.xml; path = Info.plist; sourceTree = "<group>"; };
		F865ADA4269D0C8E00C4797E /* start.txt */ = {isa = PBXFileReference; fileEncoding = 4; lastKnownFileType = text; path = start.txt; sourceTree = "<group>"; };
/* End PBXFileReference section */

/* Begin PBXFrameworksBuildPhase section */
		F865AD8A269D0B6100C4797E /* Frameworks */ = {
			isa = PBXFrameworksBuildPhase;
			buildActionMask = 2147483647;
			files = (
			);
			runOnlyForDeploymentPostprocessing = 0;
		};
/* End PBXFrameworksBuildPhase section */

/* Begin PBXGroup section */
		F865AD84269D0B6100C4797E = {
			isa = PBXGroup;
			children = (
				F865AD8F269D0B6200C4797E /* Project5-WordGame */,
				F865AD8E269D0B6200C4797E /* Products */,
			);
			sourceTree = "<group>";
		};
		F865AD8E269D0B6200C4797E /* Products */ = {
			isa = PBXGroup;
			children = (
				F865AD8D269D0B6200C4797E /* Project5-WordGame.app */,
			);
			name = Products;
			sourceTree = "<group>";
		};
		F865AD8F269D0B6200C4797E /* Project5-WordGame */ = {
			isa = PBXGroup;
			children = (
				F865AD90269D0B6200C4797E /* AppDelegate.swift */,
				F865AD92269D0B6200C4797E /* SceneDelegate.swift */,
				F865AD94269D0B6200C4797E /* ViewController.swift */,
				F865AD96269D0B6200C4797E /* Main.storyboard */,
				F865AD99269D0B6500C4797E /* Assets.xcassets */,
				F865AD9B269D0B6500C4797E /* LaunchScreen.storyboard */,
				F865AD9E269D0B6500C4797E /* Info.plist */,
				F865ADA4269D0C8E00C4797E /* start.txt */,
			);
			path = "Project5-WordGame";
			sourceTree = "<group>";
		};
/* End PBXGroup section */

/* Begin PBXNativeTarget section */
		F865AD8C269D0B6100C4797E /* Project5-WordGame */ = {
			isa = PBXNativeTarget;
			buildConfigurationList = F865ADA1269D0B6500C4797E /* Build configuration list for PBXNativeTarget "Project5-WordGame" */;
			buildPhases = (
				F865AD89269D0B6100C4797E /* Sources */,
				F865AD8A269D0B6100C4797E /* Frameworks */,
				F865AD8B269D0B6100C4797E /* Resources */,
			);
			buildRules = (
			);
			dependencies = (
			);
			name = "Project5-WordGame";
			productName = "Project5-WordGame";
			productReference = F865AD8D269D0B6200C4797E /* Project5-WordGame.app */;
			productType = "com.apple.product-type.application";
		};
/* End PBXNativeTarget section */

/* Begin PBXProject section */
		F865AD85269D0B6100C4797E /* Project object */ = {
			isa = PBXProject;
			attributes = {
				LastSwiftUpdateCheck = 1250;
				LastUpgradeCheck = 1250;
				TargetAttributes = {
					F865AD8C269D0B6100C4797E = {
						CreatedOnToolsVersion = 12.5.1;
					};
				};
			};
			buildConfigurationList = F865AD88269D0B6100C4797E /* Build configuration list for PBXProject "Project5-WordGame" */;
			compatibilityVersion = "Xcode 9.3";
			developmentRegion = en;
			hasScannedForEncodings = 0;
			knownRegions = (
				en,
				Base,
			);
			mainGroup = F865AD84269D0B6100C4797E;
			productRefGroup = F865AD8E269D0B6200C4797E /* Products */;
			projectDirPath = "";
			projectRoot = "";
			targets = (
				F865AD8C269D0B6100C4797E /* Project5-WordGame */,
			);
		};
/* End PBXProject section */

/* Begin PBXResourcesBuildPhase section */
		F865AD8B269D0B6100C4797E /* Resources */ = {
			isa = PBXResourcesBuildPhase;
			buildActionMask = 2147483647;
			files = (
				F865AD9D269D0B6500C4797E /* LaunchScreen.storyboard in Resources */,
				F865ADA5269D0C8E00C4797E /* start.txt in Resources */,
				F865AD9A269D0B6500C4797E /* Assets.xcassets in Resources */,
				F865AD98269D0B6200C4797E /* Main.storyboard in Resources */,
			);
			runOnlyForDeploymentPostprocessing = 0;
		};
/* End PBXResourcesBuildPhase section */

/* Begin PBXSourcesBuildPhase section */
		F865AD89269D0B6100C4797E /* Sources */ = {
			isa = PBXSourcesBuildPhase;
			buildActionMask = 2147483647;
			files = (
				F865AD95269D0B6200C4797E /* ViewController.swift in Sources */,
				F865AD91269D0B6200C4797E /* AppDelegate.swift in Sources */,
				F865AD93269D0B6200C4797E /* SceneDelegate.swift in Sources */,
			);
			runOnlyForDeploymentPostprocessing = 0;
		};
/* End PBXSourcesBuildPhase section */

/* Begin PBXVariantGroup section */
		F865AD96269D0B6200C4797E /* Main.storyboard */ = {
			isa = PBXVariantGroup;
			children = (
				F865AD97269D0B6200C4797E /* Base */,
			);
			name = Main.storyboard;
			sourceTree = "<group>";
		};
		F865AD9B269D0B6500C4797E /* LaunchScreen.storyboard */ = {
			isa = PBXVariantGroup;
			children = (
				F865AD9C269D0B6500C4797E /* Base */,
			);
			name = LaunchScreen.storyboard;
			sourceTree = "<group>";
		};
/* End PBXVariantGroup section */

/* Begin XCBuildConfiguration section */
		F865AD9F269D0B6500C4797E /* Debug */ = {
			isa = XCBuildConfiguration;
			buildSettings = {
				ALWAYS_SEARCH_USER_PATHS = NO;
				CLANG_ANALYZER_NONNULL = YES;
				CLANG_ANALYZER_NUMBER_OBJECT_CONVERSION = YES_AGGRESSIVE;
				CLANG_CXX_LANGUAGE_STANDARD = "gnu++14";
				CLANG_CXX_LIBRARY = "libc++";
				CLANG_ENABLE_MODULES = YES;
				CLANG_ENABLE_OBJC_ARC = YES;
				CLANG_ENABLE_OBJC_WEAK = YES;
				CLANG_WARN_BLOCK_CAPTURE_AUTORELEASING = YES;
				CLANG_WARN_BOOL_CONVERSION = YES;
				CLANG_WARN_COMMA = YES;
				CLANG_WARN_CONSTANT_CONVERSION = YES;
				CLANG_WARN_DEPRECATED_OBJC_IMPLEMENTATIONS = YES;
				CLANG_WARN_DIRECT_OBJC_ISA_USAGE = YES_ERROR;
				CLANG_WARN_DOCUMENTATION_COMMENTS = YES;
				CLANG_WARN_EMPTY_BODY = YES;
				CLANG_WARN_ENUM_CONVERSION = YES;
				CLANG_WARN_INFINITE_RECURSION = YES;
				CLANG_WARN_INT_CONVERSION = YES;
				CLANG_WARN_NON_LITERAL_NULL_CONVERSION = YES;
				CLANG_WARN_OBJC_IMPLICIT_RETAIN_SELF = YES;
				CLANG_WARN_OBJC_LITERAL_CONVERSION = YES;
				CLANG_WARN_OBJC_ROOT_CLASS = YES_ERROR;
				CLANG_WARN_QUOTED_INCLUDE_IN_FRAMEWORK_HEADER = YES;
				CLANG_WARN_RANGE_LOOP_ANALYSIS = YES;
				CLANG_WARN_STRICT_PROTOTYPES = YES;
				CLANG_WARN_SUSPICIOUS_MOVE = YES;
				CLANG_WARN_UNGUARDED_AVAILABILITY = YES_AGGRESSIVE;
				CLANG_WARN_UNREACHABLE_CODE = YES;
				CLANG_WARN__DUPLICATE_METHOD_MATCH = YES;
				COPY_PHASE_STRIP = NO;
				DEBUG_INFORMATION_FORMAT = dwarf;
				ENABLE_STRICT_OBJC_MSGSEND = YES;
				ENABLE_TESTABILITY = YES;
				GCC_C_LANGUAGE_STANDARD = gnu11;
				GCC_DYNAMIC_NO_PIC = NO;
				GCC_NO_COMMON_BLOCKS = YES;
				GCC_OPTIMIZATION_LEVEL = 0;
				GCC_PREPROCESSOR_DEFINITIONS = (
					"DEBUG=1",
					"$(inherited)",
				);
				GCC_WARN_64_TO_32_BIT_CONVERSION = YES;
				GCC_WARN_ABOUT_RETURN_TYPE = YES_ERROR;
				GCC_WARN_UNDECLARED_SELECTOR = YES;
				GCC_WARN_UNINITIALIZED_AUTOS = YES_AGGRESSIVE;
				GCC_WARN_UNUSED_FUNCTION = YES;
				GCC_WARN_UNUSED_VARIABLE = YES;
				IPHONEOS_DEPLOYMENT_TARGET = 14.5;
				MTL_ENABLE_DEBUG_INFO = INCLUDE_SOURCE;
				MTL_FAST_MATH = YES;
				ONLY_ACTIVE_ARCH = YES;
				SDKROOT = iphoneos;
				SWIFT_ACTIVE_COMPILATION_CONDITIONS = DEBUG;
				SWIFT_OPTIMIZATION_LEVEL = "-Onone";
			};
			name = Debug;
		};
		F865ADA0269D0B6500C4797E /* Release */ = {
			isa = XCBuildConfiguration;
			buildSettings = {
				ALWAYS_SEARCH_USER_PATHS = NO;
				CLANG_ANALYZER_NONNULL = YES;
				CLANG_ANALYZER_NUMBER_OBJECT_CONVERSION = YES_AGGRESSIVE;
				CLANG_CXX_LANGUAGE_STANDARD = "gnu++14";
				CLANG_CXX_LIBRARY = "libc++";
				CLANG_ENABLE_MODULES = YES;
				CLANG_ENABLE_OBJC_ARC = YES;
				CLANG_ENABLE_OBJC_WEAK = YES;
				CLANG_WARN_BLOCK_CAPTURE_AUTORELEASING = YES;
				CLANG_WARN_BOOL_CONVERSION = YES;
				CLANG_WARN_COMMA = YES;
				CLANG_WARN_CONSTANT_CONVERSION = YES;
				CLANG_WARN_DEPRECATED_OBJC_IMPLEMENTATIONS = YES;
				CLANG_WARN_DIRECT_OBJC_ISA_USAGE = YES_ERROR;
				CLANG_WARN_DOCUMENTATION_COMMENTS = YES;
				CLANG_WARN_EMPTY_BODY = YES;
				CLANG_WARN_ENUM_CONVERSION = YES;
				CLANG_WARN_INFINITE_RECURSION = YES;
				CLANG_WARN_INT_CONVERSION = YES;
				CLANG_WARN_NON_LITERAL_NULL_CONVERSION = YES;
				CLANG_WARN_OBJC_IMPLICIT_RETAIN_SELF = YES;
				CLANG_WARN_OBJC_LITERAL_CONVERSION = YES;
				CLANG_WARN_OBJC_ROOT_CLASS = YES_ERROR;
				CLANG_WARN_QUOTED_INCLUDE_IN_FRAMEWORK_HEADER = YES;
				CLANG_WARN_RANGE_LOOP_ANALYSIS = YES;
				CLANG_WARN_STRICT_PROTOTYPES = YES;
				CLANG_WARN_SUSPICIOUS_MOVE = YES;
				CLANG_WARN_UNGUARDED_AVAILABILITY = YES_AGGRESSIVE;
				CLANG_WARN_UNREACHABLE_CODE = YES;
				CLANG_WARN__DUPLICATE_METHOD_MATCH = YES;
				COPY_PHASE_STRIP = NO;
				DEBUG_INFORMATION_FORMAT = "dwarf-with-dsym";
				ENABLE_NS_ASSERTIONS = NO;
				ENABLE_STRICT_OBJC_MSGSEND = YES;
				GCC_C_LANGUAGE_STANDARD = gnu11;
				GCC_NO_COMMON_BLOCKS = YES;
				GCC_WARN_64_TO_32_BIT_CONVERSION = YES;
				GCC_WARN_ABOUT_RETURN_TYPE = YES_ERROR;
				GCC_WARN_UNDECLARED_SELECTOR = YES;
				GCC_WARN_UNINITIALIZED_AUTOS = YES_AGGRESSIVE;
				GCC_WARN_UNUSED_FUNCTION = YES;
				GCC_WARN_UNUSED_VARIABLE = YES;
				IPHONEOS_DEPLOYMENT_TARGET = 14.5;
				MTL_ENABLE_DEBUG_INFO = NO;
				MTL_FAST_MATH = YES;
				SDKROOT = iphoneos;
				SWIFT_COMPILATION_MODE = wholemodule;
				SWIFT_OPTIMIZATION_LEVEL = "-O";
				VALIDATE_PRODUCT = YES;
			};
			name = Release;
		};
		F865ADA2269D0B6500C4797E /* Debug */ = {
			isa = XCBuildConfiguration;
			buildSettings = {
				ASSETCATALOG_COMPILER_APPICON_NAME = AppIcon;
				ASSETCATALOG_COMPILER_GLOBAL_ACCENT_COLOR_NAME = AccentColor;
				CODE_SIGN_STYLE = Automatic;
				DEVELOPMENT_TEAM = 473AAT6556;
				INFOPLIST_FILE = "Project5-WordGame/Info.plist";
				LD_RUNPATH_SEARCH_PATHS = (
					"$(inherited)",
					"@executable_path/Frameworks",
				);
				PRODUCT_BUNDLE_IDENTIFIER = "dev.matheuslenke.Project5-WordGame";
				PRODUCT_NAME = "$(TARGET_NAME)";
				SWIFT_VERSION = 5.0;
				TARGETED_DEVICE_FAMILY = "1,2";
			};
			name = Debug;
		};
		F865ADA3269D0B6500C4797E /* Release */ = {
			isa = XCBuildConfiguration;
			buildSettings = {
				ASSETCATALOG_COMPILER_APPICON_NAME = AppIcon;
				ASSETCATALOG_COMPILER_GLOBAL_ACCENT_COLOR_NAME = AccentColor;
				CODE_SIGN_STYLE = Automatic;
				DEVELOPMENT_TEAM = 473AAT6556;
				INFOPLIST_FILE = "Project5-WordGame/Info.plist";
				LD_RUNPATH_SEARCH_PATHS = (
					"$(inherited)",
					"@executable_path/Frameworks",
				);
				PRODUCT_BUNDLE_IDENTIFIER = "dev.matheuslenke.Project5-WordGame";
				PRODUCT_NAME = "$(TARGET_NAME)";
				SWIFT_VERSION = 5.0;
				TARGETED_DEVICE_FAMILY = "1,2";
			};
			name = Release;
		};
/* End XCBuildConfiguration section */

/* Begin XCConfigurationList section */
		F865AD88269D0B6100C4797E /* Build configuration list for PBXProject "Project5-WordGame" */ = {
			isa = XCConfigurationList;
			buildConfigurations = (
				F865AD9F269D0B6500C4797E /* Debug */,
				F865ADA0269D0B6500C4797E /* Release */,
			);
			defaultConfigurationIsVisible = 0;
			defaultConfigurationName = Release;
		};
		F865ADA1269D0B6500C4797E /* Build configuration list for PBXNativeTarget "Project5-WordGame" */ = {
			isa = XCConfigurationList;
			buildConfigurations = (
				F865ADA2269D0B6500C4797E /* Debug */,
				F865ADA3269D0B6500C4797E /* Release */,
			);
			defaultConfigurationIsVisible = 0;
			defaultConfigurationName = Release;
		};
/* End XCConfigurationList section */
	};
	rootObject = F865AD85269D0B6100C4797E /* Project object */;
}
