// !$*UTF8*$!
{
	archiveVersion = 1;
	classes = {
	};
	objectVersion = 50;
	objects = {

/* Begin PBXBuildFile section */
		F89FE7F126B1FCB100CEC56C /* AppDelegate.swift in Sources */ = {isa = PBXBuildFile; fileRef = F89FE7F026B1FCB100CEC56C /* AppDelegate.swift */; };
		F89FE7F326B1FCB100CEC56C /* SceneDelegate.swift in Sources */ = {isa = PBXBuildFile; fileRef = F89FE7F226B1FCB100CEC56C /* SceneDelegate.swift */; };
		F89FE7F526B1FCB100CEC56C /* ViewController.swift in Sources */ = {isa = PBXBuildFile; fileRef = F89FE7F426B1FCB100CEC56C /* ViewController.swift */; };
		F89FE7F826B1FCB100CEC56C /* Main.storyboard in Resources */ = {isa = PBXBuildFile; fileRef = F89FE7F626B1FCB100CEC56C /* Main.storyboard */; };
		F89FE7FA26B1FCB600CEC56C /* Assets.xcassets in Resources */ = {isa = PBXBuildFile; fileRef = F89FE7F926B1FCB600CEC56C /* Assets.xcassets */; };
		F89FE7FD26B1FCB600CEC56C /* LaunchScreen.storyboard in Resources */ = {isa = PBXBuildFile; fileRef = F89FE7FB26B1FCB600CEC56C /* LaunchScreen.storyboard */; };
/* End PBXBuildFile section */

/* Begin PBXFileReference section */
		F89FE7ED26B1FCB100CEC56C /* Project12-UserDefaults.app */ = {isa = PBXFileReference; explicitFileType = wrapper.application; includeInIndex = 0; path = "Project12-UserDefaults.app"; sourceTree = BUILT_PRODUCTS_DIR; };
		F89FE7F026B1FCB100CEC56C /* AppDelegate.swift */ = {isa = PBXFileReference; lastKnownFileType = sourcecode.swift; path = AppDelegate.swift; sourceTree = "<group>"; };
		F89FE7F226B1FCB100CEC56C /* SceneDelegate.swift */ = {isa = PBXFileReference; lastKnownFileType = sourcecode.swift; path = SceneDelegate.swift; sourceTree = "<group>"; };
		F89FE7F426B1FCB100CEC56C /* ViewController.swift */ = {isa = PBXFileReference; lastKnownFileType = sourcecode.swift; path = ViewController.swift; sourceTree = "<group>"; };
		F89FE7F726B1FCB100CEC56C /* Base */ = {isa = PBXFileReference; lastKnownFileType = file.storyboard; name = Base; path = Base.lproj/Main.storyboard; sourceTree = "<group>"; };
		F89FE7F926B1FCB600CEC56C /* Assets.xcassets */ = {isa = PBXFileReference; lastKnownFileType = folder.assetcatalog; path = Assets.xcassets; sourceTree = "<group>"; };
		F89FE7FC26B1FCB600CEC56C /* Base */ = {isa = PBXFileReference; lastKnownFileType = file.storyboard; name = Base; path = Base.lproj/LaunchScreen.storyboard; sourceTree = "<group>"; };
		F89FE7FE26B1FCB600CEC56C /* Info.plist */ = {isa = PBXFileReference; lastKnownFileType = text.plist.xml; path = Info.plist; sourceTree = "<group>"; };
/* End PBXFileReference section */

/* Begin PBXFrameworksBuildPhase section */
		F89FE7EA26B1FCB100CEC56C /* Frameworks */ = {
			isa = PBXFrameworksBuildPhase;
			buildActionMask = 2147483647;
			files = (
			);
			runOnlyForDeploymentPostprocessing = 0;
		};
/* End PBXFrameworksBuildPhase section */

/* Begin PBXGroup section */
		F89FE7E426B1FCB100CEC56C = {
			isa = PBXGroup;
			children = (
				F89FE7EF26B1FCB100CEC56C /* Project12-UserDefaults */,
				F89FE7EE26B1FCB100CEC56C /* Products */,
			);
			sourceTree = "<group>";
		};
		F89FE7EE26B1FCB100CEC56C /* Products */ = {
			isa = PBXGroup;
			children = (
				F89FE7ED26B1FCB100CEC56C /* Project12-UserDefaults.app */,
			);
			name = Products;
			sourceTree = "<group>";
		};
		F89FE7EF26B1FCB100CEC56C /* Project12-UserDefaults */ = {
			isa = PBXGroup;
			children = (
				F89FE7F026B1FCB100CEC56C /* AppDelegate.swift */,
				F89FE7F226B1FCB100CEC56C /* SceneDelegate.swift */,
				F89FE7F426B1FCB100CEC56C /* ViewController.swift */,
				F89FE7F626B1FCB100CEC56C /* Main.storyboard */,
				F89FE7F926B1FCB600CEC56C /* Assets.xcassets */,
				F89FE7FB26B1FCB600CEC56C /* LaunchScreen.storyboard */,
				F89FE7FE26B1FCB600CEC56C /* Info.plist */,
			);
			path = "Project12-UserDefaults";
			sourceTree = "<group>";
		};
/* End PBXGroup section */

/* Begin PBXNativeTarget section */
		F89FE7EC26B1FCB100CEC56C /* Project12-UserDefaults */ = {
			isa = PBXNativeTarget;
			buildConfigurationList = F89FE80126B1FCB600CEC56C /* Build configuration list for PBXNativeTarget "Project12-UserDefaults" */;
			buildPhases = (
				F89FE7E926B1FCB100CEC56C /* Sources */,
				F89FE7EA26B1FCB100CEC56C /* Frameworks */,
				F89FE7EB26B1FCB100CEC56C /* Resources */,
			);
			buildRules = (
			);
			dependencies = (
			);
			name = "Project12-UserDefaults";
			productName = "Project12-UserDefaults";
			productReference = F89FE7ED26B1FCB100CEC56C /* Project12-UserDefaults.app */;
			productType = "com.apple.product-type.application";
		};
/* End PBXNativeTarget section */

/* Begin PBXProject section */
		F89FE7E526B1FCB100CEC56C /* Project object */ = {
			isa = PBXProject;
			attributes = {
				LastSwiftUpdateCheck = 1250;
				LastUpgradeCheck = 1250;
				TargetAttributes = {
					F89FE7EC26B1FCB100CEC56C = {
						CreatedOnToolsVersion = 12.5.1;
					};
				};
			};
			buildConfigurationList = F89FE7E826B1FCB100CEC56C /* Build configuration list for PBXProject "Project12-UserDefaults" */;
			compatibilityVersion = "Xcode 9.3";
			developmentRegion = en;
			hasScannedForEncodings = 0;
			knownRegions = (
				en,
				Base,
			);
			mainGroup = F89FE7E426B1FCB100CEC56C;
			productRefGroup = F89FE7EE26B1FCB100CEC56C /* Products */;
			projectDirPath = "";
			projectRoot = "";
			targets = (
				F89FE7EC26B1FCB100CEC56C /* Project12-UserDefaults */,
			);
		};
/* End PBXProject section */

/* Begin PBXResourcesBuildPhase section */
		F89FE7EB26B1FCB100CEC56C /* Resources */ = {
			isa = PBXResourcesBuildPhase;
			buildActionMask = 2147483647;
			files = (
				F89FE7FD26B1FCB600CEC56C /* LaunchScreen.storyboard in Resources */,
				F89FE7FA26B1FCB600CEC56C /* Assets.xcassets in Resources */,
				F89FE7F826B1FCB100CEC56C /* Main.storyboard in Resources */,
			);
			runOnlyForDeploymentPostprocessing = 0;
		};
/* End PBXResourcesBuildPhase section */

/* Begin PBXSourcesBuildPhase section */
		F89FE7E926B1FCB100CEC56C /* Sources */ = {
			isa = PBXSourcesBuildPhase;
			buildActionMask = 2147483647;
			files = (
				F89FE7F526B1FCB100CEC56C /* ViewController.swift in Sources */,
				F89FE7F126B1FCB100CEC56C /* AppDelegate.swift in Sources */,
				F89FE7F326B1FCB100CEC56C /* SceneDelegate.swift in Sources */,
			);
			runOnlyForDeploymentPostprocessing = 0;
		};
/* End PBXSourcesBuildPhase section */

/* Begin PBXVariantGroup section */
		F89FE7F626B1FCB100CEC56C /* Main.storyboard */ = {
			isa = PBXVariantGroup;
			children = (
				F89FE7F726B1FCB100CEC56C /* Base */,
			);
			name = Main.storyboard;
			sourceTree = "<group>";
		};
		F89FE7FB26B1FCB600CEC56C /* LaunchScreen.storyboard */ = {
			isa = PBXVariantGroup;
			children = (
				F89FE7FC26B1FCB600CEC56C /* Base */,
			);
			name = LaunchScreen.storyboard;
			sourceTree = "<group>";
		};
/* End PBXVariantGroup section */

/* Begin XCBuildConfiguration section */
		F89FE7FF26B1FCB600CEC56C /* Debug */ = {
			isa = XCBuildConfiguration;
			buildSettings = {
				ALWAYS_SEARCH_USER_PATHS = NO;
				CLANG_ANALYZER_NONNULL = YES;
				CLANG_ANALYZER_NUMBER_OBJECT_CONVERSION = YES_AGGRESSIVE;
				CLANG_CXX_LANGUAGE_STANDARD = "gnu++14";
				CLANG_CXX_LIBRARY = "libc++";
				CLANG_ENABLE_MODULES = YES;
				CLANG_ENABLE_OBJC_ARC = YES;
				CLANG_ENABLE_OBJC_WEAK = YES;
				CLANG_WARN_BLOCK_CAPTURE_AUTORELEASING = YES;
				CLANG_WARN_BOOL_CONVERSION = YES;
				CLANG_WARN_COMMA = YES;
				CLANG_WARN_CONSTANT_CONVERSION = YES;
				CLANG_WARN_DEPRECATED_OBJC_IMPLEMENTATIONS = YES;
				CLANG_WARN_DIRECT_OBJC_ISA_USAGE = YES_ERROR;
				CLANG_WARN_DOCUMENTATION_COMMENTS = YES;
				CLANG_WARN_EMPTY_BODY = YES;
				CLANG_WARN_ENUM_CONVERSION = YES;
				CLANG_WARN_INFINITE_RECURSION = YES;
				CLANG_WARN_INT_CONVERSION = YES;
				CLANG_WARN_NON_LITERAL_NULL_CONVERSION = YES;
				CLANG_WARN_OBJC_IMPLICIT_RETAIN_SELF = YES;
				CLANG_WARN_OBJC_LITERAL_CONVERSION = YES;
				CLANG_WARN_OBJC_ROOT_CLASS = YES_ERROR;
				CLANG_WARN_QUOTED_INCLUDE_IN_FRAMEWORK_HEADER = YES;
				CLANG_WARN_RANGE_LOOP_ANALYSIS = YES;
				CLANG_WARN_STRICT_PROTOTYPES = YES;
				CLANG_WARN_SUSPICIOUS_MOVE = YES;
				CLANG_WARN_UNGUARDED_AVAILABILITY = YES_AGGRESSIVE;
				CLANG_WARN_UNREACHABLE_CODE = YES;
				CLANG_WARN__DUPLICATE_METHOD_MATCH = YES;
				COPY_PHASE_STRIP = NO;
				DEBUG_INFORMATION_FORMAT = dwarf;
				ENABLE_STRICT_OBJC_MSGSEND = YES;
				ENABLE_TESTABILITY = YES;
				GCC_C_LANGUAGE_STANDARD = gnu11;
				GCC_DYNAMIC_NO_PIC = NO;
				GCC_NO_COMMON_BLOCKS = YES;
				GCC_OPTIMIZATION_LEVEL = 0;
				GCC_PREPROCESSOR_DEFINITIONS = (
					"DEBUG=1",
					"$(inherited)",
				);
				GCC_WARN_64_TO_32_BIT_CONVERSION = YES;
				GCC_WARN_ABOUT_RETURN_TYPE = YES_ERROR;
				GCC_WARN_UNDECLARED_SELECTOR = YES;
				GCC_WARN_UNINITIALIZED_AUTOS = YES_AGGRESSIVE;
				GCC_WARN_UNUSED_FUNCTION = YES;
				GCC_WARN_UNUSED_VARIABLE = YES;
				IPHONEOS_DEPLOYMENT_TARGET = 14.5;
				MTL_ENABLE_DEBUG_INFO = INCLUDE_SOURCE;
				MTL_FAST_MATH = YES;
				ONLY_ACTIVE_ARCH = YES;
				SDKROOT = iphoneos;
				SWIFT_ACTIVE_COMPILATION_CONDITIONS = DEBUG;
				SWIFT_OPTIMIZATION_LEVEL = "-Onone";
			};
			name = Debug;
		};
		F89FE80026B1FCB600CEC56C /* Release */ = {
			isa = XCBuildConfiguration;
			buildSettings = {
				ALWAYS_SEARCH_USER_PATHS = NO;
				CLANG_ANALYZER_NONNULL = YES;
				CLANG_ANALYZER_NUMBER_OBJECT_CONVERSION = YES_AGGRESSIVE;
				CLANG_CXX_LANGUAGE_STANDARD = "gnu++14";
				CLANG_CXX_LIBRARY = "libc++";
				CLANG_ENABLE_MODULES = YES;
				CLANG_ENABLE_OBJC_ARC = YES;
				CLANG_ENABLE_OBJC_WEAK = YES;
				CLANG_WARN_BLOCK_CAPTURE_AUTORELEASING = YES;
				CLANG_WARN_BOOL_CONVERSION = YES;
				CLANG_WARN_COMMA = YES;
				CLANG_WARN_CONSTANT_CONVERSION = YES;
				CLANG_WARN_DEPRECATED_OBJC_IMPLEMENTATIONS = YES;
				CLANG_WARN_DIRECT_OBJC_ISA_USAGE = YES_ERROR;
				CLANG_WARN_DOCUMENTATION_COMMENTS = YES;
				CLANG_WARN_EMPTY_BODY = YES;
				CLANG_WARN_ENUM_CONVERSION = YES;
				CLANG_WARN_INFINITE_RECURSION = YES;
				CLANG_WARN_INT_CONVERSION = YES;
				CLANG_WARN_NON_LITERAL_NULL_CONVERSION = YES;
				CLANG_WARN_OBJC_IMPLICIT_RETAIN_SELF = YES;
				CLANG_WARN_OBJC_LITERAL_CONVERSION = YES;
				CLANG_WARN_OBJC_ROOT_CLASS = YES_ERROR;
				CLANG_WARN_QUOTED_INCLUDE_IN_FRAMEWORK_HEADER = YES;
				CLANG_WARN_RANGE_LOOP_ANALYSIS = YES;
				CLANG_WARN_STRICT_PROTOTYPES = YES;
				CLANG_WARN_SUSPICIOUS_MOVE = YES;
				CLANG_WARN_UNGUARDED_AVAILABILITY = YES_AGGRESSIVE;
				CLANG_WARN_UNREACHABLE_CODE = YES;
				CLANG_WARN__DUPLICATE_METHOD_MATCH = YES;
				COPY_PHASE_STRIP = NO;
				DEBUG_INFORMATION_FORMAT = "dwarf-with-dsym";
				ENABLE_NS_ASSERTIONS = NO;
				ENABLE_STRICT_OBJC_MSGSEND = YES;
				GCC_C_LANGUAGE_STANDARD = gnu11;
				GCC_NO_COMMON_BLOCKS = YES;
				GCC_WARN_64_TO_32_BIT_CONVERSION = YES;
				GCC_WARN_ABOUT_RETURN_TYPE = YES_ERROR;
				GCC_WARN_UNDECLARED_SELECTOR = YES;
				GCC_WARN_UNINITIALIZED_AUTOS = YES_AGGRESSIVE;
				GCC_WARN_UNUSED_FUNCTION = YES;
				GCC_WARN_UNUSED_VARIABLE = YES;
				IPHONEOS_DEPLOYMENT_TARGET = 14.5;
				MTL_ENABLE_DEBUG_INFO = NO;
				MTL_FAST_MATH = YES;
				SDKROOT = iphoneos;
				SWIFT_COMPILATION_MODE = wholemodule;
				SWIFT_OPTIMIZATION_LEVEL = "-O";
				VALIDATE_PRODUCT = YES;
			};
			name = Release;
		};
		F89FE80226B1FCB600CEC56C /* Debug */ = {
			isa = XCBuildConfiguration;
			buildSettings = {
				ASSETCATALOG_COMPILER_APPICON_NAME = AppIcon;
				ASSETCATALOG_COMPILER_GLOBAL_ACCENT_COLOR_NAME = AccentColor;
				CODE_SIGN_STYLE = Automatic;
				DEVELOPMENT_TEAM = 473AAT6556;
				INFOPLIST_FILE = "Project12-UserDefaults/Info.plist";
				LD_RUNPATH_SEARCH_PATHS = (
					"$(inherited)",
					"@executable_path/Frameworks",
				);
				PRODUCT_BUNDLE_IDENTIFIER = "dev.matheuslenke.Project12-UserDefaults";
				PRODUCT_NAME = "$(TARGET_NAME)";
				SWIFT_VERSION = 5.0;
				TARGETED_DEVICE_FAMILY = "1,2";
			};
			name = Debug;
		};
		F89FE80326B1FCB600CEC56C /* Release */ = {
			isa = XCBuildConfiguration;
			buildSettings = {
				ASSETCATALOG_COMPILER_APPICON_NAME = AppIcon;
				ASSETCATALOG_COMPILER_GLOBAL_ACCENT_COLOR_NAME = AccentColor;
				CODE_SIGN_STYLE = Automatic;
				DEVELOPMENT_TEAM = 473AAT6556;
				INFOPLIST_FILE = "Project12-UserDefaults/Info.plist";
				LD_RUNPATH_SEARCH_PATHS = (
					"$(inherited)",
					"@executable_path/Frameworks",
				);
				PRODUCT_BUNDLE_IDENTIFIER = "dev.matheuslenke.Project12-UserDefaults";
				PRODUCT_NAME = "$(TARGET_NAME)";
				SWIFT_VERSION = 5.0;
				TARGETED_DEVICE_FAMILY = "1,2";
			};
			name = Release;
		};
/* End XCBuildConfiguration section */

/* Begin XCConfigurationList section */
		F89FE7E826B1FCB100CEC56C /* Build configuration list for PBXProject "Project12-UserDefaults" */ = {
			isa = XCConfigurationList;
			buildConfigurations = (
				F89FE7FF26B1FCB600CEC56C /* Debug */,
				F89FE80026B1FCB600CEC56C /* Release */,
			);
			defaultConfigurationIsVisible = 0;
			defaultConfigurationName = Release;
		};
		F89FE80126B1FCB600CEC56C /* Build configuration list for PBXNativeTarget "Project12-UserDefaults" */ = {
			isa = XCConfigurationList;
			buildConfigurations = (
				F89FE80226B1FCB600CEC56C /* Debug */,
				F89FE80326B1FCB600CEC56C /* Release */,
			);
			defaultConfigurationIsVisible = 0;
			defaultConfigurationName = Release;
		};
/* End XCConfigurationList section */
	};
	rootObject = F89FE7E526B1FCB100CEC56C /* Project object */;
}
