// !$*UTF8*$!
{
	archiveVersion = 1;
	classes = {
	};
	objectVersion = 50;
	objects = {

/* Begin PBXBuildFile section */
		F8751C3126AC3F6900B30D8D /* AppDelegate.swift in Sources */ = {isa = PBXBuildFile; fileRef = F8751C3026AC3F6900B30D8D /* AppDelegate.swift */; };
		F8751C3326AC3F6900B30D8D /* SceneDelegate.swift in Sources */ = {isa = PBXBuildFile; fileRef = F8751C3226AC3F6900B30D8D /* SceneDelegate.swift */; };
		F8751C3526AC3F6900B30D8D /* ViewController.swift in Sources */ = {isa = PBXBuildFile; fileRef = F8751C3426AC3F6900B30D8D /* ViewController.swift */; };
		F8751C3826AC3F6900B30D8D /* Main.storyboard in Resources */ = {isa = PBXBuildFile; fileRef = F8751C3626AC3F6900B30D8D /* Main.storyboard */; };
		F8751C3A26AC3F6D00B30D8D /* Assets.xcassets in Resources */ = {isa = PBXBuildFile; fileRef = F8751C3926AC3F6D00B30D8D /* Assets.xcassets */; };
		F8751C3D26AC3F6D00B30D8D /* LaunchScreen.storyboard in Resources */ = {isa = PBXBuildFile; fileRef = F8751C3B26AC3F6D00B30D8D /* LaunchScreen.storyboard */; };
		F8751C4526AC414200B30D8D /* PersonCell.swift in Sources */ = {isa = PBXBuildFile; fileRef = F8751C4426AC414200B30D8D /* PersonCell.swift */; };
		F8751C4726AC62EF00B30D8D /* Person.swift in Sources */ = {isa = PBXBuildFile; fileRef = F8751C4626AC62EF00B30D8D /* Person.swift */; };
		F8E026652725A456004D61E4 /* KeychainItemAccessibility.swift in Sources */ = {isa = PBXBuildFile; fileRef = F8E026632725A456004D61E4 /* KeychainItemAccessibility.swift */; };
		F8E026662725A456004D61E4 /* KeychainWrapper.swift in Sources */ = {isa = PBXBuildFile; fileRef = F8E026642725A456004D61E4 /* KeychainWrapper.swift */; };
/* End PBXBuildFile section */

/* Begin PBXFileReference section */
		F8751C2D26AC3F6900B30D8D /* Project10-PeopleNames.app */ = {isa = PBXFileReference; explicitFileType = wrapper.application; includeInIndex = 0; path = "Project10-PeopleNames.app"; sourceTree = BUILT_PRODUCTS_DIR; };
		F8751C3026AC3F6900B30D8D /* AppDelegate.swift */ = {isa = PBXFileReference; lastKnownFileType = sourcecode.swift; path = AppDelegate.swift; sourceTree = "<group>"; };
		F8751C3226AC3F6900B30D8D /* SceneDelegate.swift */ = {isa = PBXFileReference; lastKnownFileType = sourcecode.swift; path = SceneDelegate.swift; sourceTree = "<group>"; };
		F8751C3426AC3F6900B30D8D /* ViewController.swift */ = {isa = PBXFileReference; lastKnownFileType = sourcecode.swift; path = ViewController.swift; sourceTree = "<group>"; };
		F8751C3726AC3F6900B30D8D /* Base */ = {isa = PBXFileReference; lastKnownFileType = file.storyboard; name = Base; path = Base.lproj/Main.storyboard; sourceTree = "<group>"; };
		F8751C3926AC3F6D00B30D8D /* Assets.xcassets */ = {isa = PBXFileReference; lastKnownFileType = folder.assetcatalog; path = Assets.xcassets; sourceTree = "<group>"; };
		F8751C3C26AC3F6D00B30D8D /* Base */ = {isa = PBXFileReference; lastKnownFileType = file.storyboard; name = Base; path = Base.lproj/LaunchScreen.storyboard; sourceTree = "<group>"; };
		F8751C3E26AC3F6D00B30D8D /* Info.plist */ = {isa = PBXFileReference; lastKnownFileType = text.plist.xml; path = Info.plist; sourceTree = "<group>"; };
		F8751C4426AC414200B30D8D /* PersonCell.swift */ = {isa = PBXFileReference; lastKnownFileType = sourcecode.swift; path = PersonCell.swift; sourceTree = "<group>"; };
		F8751C4626AC62EF00B30D8D /* Person.swift */ = {isa = PBXFileReference; lastKnownFileType = sourcecode.swift; path = Person.swift; sourceTree = "<group>"; };
		F8E026632725A456004D61E4 /* KeychainItemAccessibility.swift */ = {isa = PBXFileReference; fileEncoding = 4; lastKnownFileType = sourcecode.swift; path = KeychainItemAccessibility.swift; sourceTree = "<group>"; };
		F8E026642725A456004D61E4 /* KeychainWrapper.swift */ = {isa = PBXFileReference; fileEncoding = 4; lastKnownFileType = sourcecode.swift; path = KeychainWrapper.swift; sourceTree = "<group>"; };
/* End PBXFileReference section */

/* Begin PBXFrameworksBuildPhase section */
		F8751C2A26AC3F6900B30D8D /* Frameworks */ = {
			isa = PBXFrameworksBuildPhase;
			buildActionMask = 2147483647;
			files = (
			);
			runOnlyForDeploymentPostprocessing = 0;
		};
/* End PBXFrameworksBuildPhase section */

/* Begin PBXGroup section */
		F8751C2426AC3F6900B30D8D = {
			isa = PBXGroup;
			children = (
				F8751C2F26AC3F6900B30D8D /* Project10-PeopleNames */,
				F8751C2E26AC3F6900B30D8D /* Products */,
			);
			sourceTree = "<group>";
		};
		F8751C2E26AC3F6900B30D8D /* Products */ = {
			isa = PBXGroup;
			children = (
				F8751C2D26AC3F6900B30D8D /* Project10-PeopleNames.app */,
			);
			name = Products;
			sourceTree = "<group>";
		};
		F8751C2F26AC3F6900B30D8D /* Project10-PeopleNames */ = {
			isa = PBXGroup;
			children = (
				F8751C3026AC3F6900B30D8D /* AppDelegate.swift */,
				F8751C3226AC3F6900B30D8D /* SceneDelegate.swift */,
				F8751C3426AC3F6900B30D8D /* ViewController.swift */,
				F8751C4626AC62EF00B30D8D /* Person.swift */,
				F8751C3626AC3F6900B30D8D /* Main.storyboard */,
				F8751C4426AC414200B30D8D /* PersonCell.swift */,
				F8751C3926AC3F6D00B30D8D /* Assets.xcassets */,
				F8751C3B26AC3F6D00B30D8D /* LaunchScreen.storyboard */,
				F8751C3E26AC3F6D00B30D8D /* Info.plist */,
				F8E026632725A456004D61E4 /* KeychainItemAccessibility.swift */,
				F8E026642725A456004D61E4 /* KeychainWrapper.swift */,
			);
			path = "Project10-PeopleNames";
			sourceTree = "<group>";
		};
/* End PBXGroup section */

/* Begin PBXNativeTarget section */
		F8751C2C26AC3F6900B30D8D /* Project10-PeopleNames */ = {
			isa = PBXNativeTarget;
			buildConfigurationList = F8751C4126AC3F6D00B30D8D /* Build configuration list for PBXNativeTarget "Project10-PeopleNames" */;
			buildPhases = (
				F8751C2926AC3F6900B30D8D /* Sources */,
				F8751C2A26AC3F6900B30D8D /* Frameworks */,
				F8751C2B26AC3F6900B30D8D /* Resources */,
			);
			buildRules = (
			);
			dependencies = (
			);
			name = "Project10-PeopleNames";
			productName = "Project10-PeopleNames";
			productReference = F8751C2D26AC3F6900B30D8D /* Project10-PeopleNames.app */;
			productType = "com.apple.product-type.application";
		};
/* End PBXNativeTarget section */

/* Begin PBXProject section */
		F8751C2526AC3F6900B30D8D /* Project object */ = {
			isa = PBXProject;
			attributes = {
				LastSwiftUpdateCheck = 1250;
				LastUpgradeCheck = 1250;
				TargetAttributes = {
					F8751C2C26AC3F6900B30D8D = {
						CreatedOnToolsVersion = 12.5.1;
					};
				};
			};
			buildConfigurationList = F8751C2826AC3F6900B30D8D /* Build configuration list for PBXProject "Project10-PeopleNames" */;
			compatibilityVersion = "Xcode 9.3";
			developmentRegion = en;
			hasScannedForEncodings = 0;
			knownRegions = (
				en,
				Base,
			);
			mainGroup = F8751C2426AC3F6900B30D8D;
			productRefGroup = F8751C2E26AC3F6900B30D8D /* Products */;
			projectDirPath = "";
			projectRoot = "";
			targets = (
				F8751C2C26AC3F6900B30D8D /* Project10-PeopleNames */,
			);
		};
/* End PBXProject section */

/* Begin PBXResourcesBuildPhase section */
		F8751C2B26AC3F6900B30D8D /* Resources */ = {
			isa = PBXResourcesBuildPhase;
			buildActionMask = 2147483647;
			files = (
				F8751C3D26AC3F6D00B30D8D /* LaunchScreen.storyboard in Resources */,
				F8751C3A26AC3F6D00B30D8D /* Assets.xcassets in Resources */,
				F8751C3826AC3F6900B30D8D /* Main.storyboard in Resources */,
			);
			runOnlyForDeploymentPostprocessing = 0;
		};
/* End PBXResourcesBuildPhase section */

/* Begin PBXSourcesBuildPhase section */
		F8751C2926AC3F6900B30D8D /* Sources */ = {
			isa = PBXSourcesBuildPhase;
			buildActionMask = 2147483647;
			files = (
				F8751C4726AC62EF00B30D8D /* Person.swift in Sources */,
				F8751C3526AC3F6900B30D8D /* ViewController.swift in Sources */,
				F8751C3126AC3F6900B30D8D /* AppDelegate.swift in Sources */,
				F8E026662725A456004D61E4 /* KeychainWrapper.swift in Sources */,
				F8751C4526AC414200B30D8D /* PersonCell.swift in Sources */,
				F8751C3326AC3F6900B30D8D /* SceneDelegate.swift in Sources */,
				F8E026652725A456004D61E4 /* KeychainItemAccessibility.swift in Sources */,
			);
			runOnlyForDeploymentPostprocessing = 0;
		};
/* End PBXSourcesBuildPhase section */

/* Begin PBXVariantGroup section */
		F8751C3626AC3F6900B30D8D /* Main.storyboard */ = {
			isa = PBXVariantGroup;
			children = (
				F8751C3726AC3F6900B30D8D /* Base */,
			);
			name = Main.storyboard;
			sourceTree = "<group>";
		};
		F8751C3B26AC3F6D00B30D8D /* LaunchScreen.storyboard */ = {
			isa = PBXVariantGroup;
			children = (
				F8751C3C26AC3F6D00B30D8D /* Base */,
			);
			name = LaunchScreen.storyboard;
			sourceTree = "<group>";
		};
/* End PBXVariantGroup section */

/* Begin XCBuildConfiguration section */
		F8751C3F26AC3F6D00B30D8D /* Debug */ = {
			isa = XCBuildConfiguration;
			buildSettings = {
				ALWAYS_SEARCH_USER_PATHS = NO;
				CLANG_ANALYZER_NONNULL = YES;
				CLANG_ANALYZER_NUMBER_OBJECT_CONVERSION = YES_AGGRESSIVE;
				CLANG_CXX_LANGUAGE_STANDARD = "gnu++14";
				CLANG_CXX_LIBRARY = "libc++";
				CLANG_ENABLE_MODULES = YES;
				CLANG_ENABLE_OBJC_ARC = YES;
				CLANG_ENABLE_OBJC_WEAK = YES;
				CLANG_WARN_BLOCK_CAPTURE_AUTORELEASING = YES;
				CLANG_WARN_BOOL_CONVERSION = YES;
				CLANG_WARN_COMMA = YES;
				CLANG_WARN_CONSTANT_CONVERSION = YES;
				CLANG_WARN_DEPRECATED_OBJC_IMPLEMENTATIONS = YES;
				CLANG_WARN_DIRECT_OBJC_ISA_USAGE = YES_ERROR;
				CLANG_WARN_DOCUMENTATION_COMMENTS = YES;
				CLANG_WARN_EMPTY_BODY = YES;
				CLANG_WARN_ENUM_CONVERSION = YES;
				CLANG_WARN_INFINITE_RECURSION = YES;
				CLANG_WARN_INT_CONVERSION = YES;
				CLANG_WARN_NON_LITERAL_NULL_CONVERSION = YES;
				CLANG_WARN_OBJC_IMPLICIT_RETAIN_SELF = YES;
				CLANG_WARN_OBJC_LITERAL_CONVERSION = YES;
				CLANG_WARN_OBJC_ROOT_CLASS = YES_ERROR;
				CLANG_WARN_QUOTED_INCLUDE_IN_FRAMEWORK_HEADER = YES;
				CLANG_WARN_RANGE_LOOP_ANALYSIS = YES;
				CLANG_WARN_STRICT_PROTOTYPES = YES;
				CLANG_WARN_SUSPICIOUS_MOVE = YES;
				CLANG_WARN_UNGUARDED_AVAILABILITY = YES_AGGRESSIVE;
				CLANG_WARN_UNREACHABLE_CODE = YES;
				CLANG_WARN__DUPLICATE_METHOD_MATCH = YES;
				COPY_PHASE_STRIP = NO;
				DEBUG_INFORMATION_FORMAT = dwarf;
				ENABLE_STRICT_OBJC_MSGSEND = YES;
				ENABLE_TESTABILITY = YES;
				GCC_C_LANGUAGE_STANDARD = gnu11;
				GCC_DYNAMIC_NO_PIC = NO;
				GCC_NO_COMMON_BLOCKS = YES;
				GCC_OPTIMIZATION_LEVEL = 0;
				GCC_PREPROCESSOR_DEFINITIONS = (
					"DEBUG=1",
					"$(inherited)",
				);
				GCC_WARN_64_TO_32_BIT_CONVERSION = YES;
				GCC_WARN_ABOUT_RETURN_TYPE = YES_ERROR;
				GCC_WARN_UNDECLARED_SELECTOR = YES;
				GCC_WARN_UNINITIALIZED_AUTOS = YES_AGGRESSIVE;
				GCC_WARN_UNUSED_FUNCTION = YES;
				GCC_WARN_UNUSED_VARIABLE = YES;
				IPHONEOS_DEPLOYMENT_TARGET = 14.5;
				MTL_ENABLE_DEBUG_INFO = INCLUDE_SOURCE;
				MTL_FAST_MATH = YES;
				ONLY_ACTIVE_ARCH = YES;
				SDKROOT = iphoneos;
				SWIFT_ACTIVE_COMPILATION_CONDITIONS = DEBUG;
				SWIFT_OPTIMIZATION_LEVEL = "-Onone";
			};
			name = Debug;
		};
		F8751C4026AC3F6D00B30D8D /* Release */ = {
			isa = XCBuildConfiguration;
			buildSettings = {
				ALWAYS_SEARCH_USER_PATHS = NO;
				CLANG_ANALYZER_NONNULL = YES;
				CLANG_ANALYZER_NUMBER_OBJECT_CONVERSION = YES_AGGRESSIVE;
				CLANG_CXX_LANGUAGE_STANDARD = "gnu++14";
				CLANG_CXX_LIBRARY = "libc++";
				CLANG_ENABLE_MODULES = YES;
				CLANG_ENABLE_OBJC_ARC = YES;
				CLANG_ENABLE_OBJC_WEAK = YES;
				CLANG_WARN_BLOCK_CAPTURE_AUTORELEASING = YES;
				CLANG_WARN_BOOL_CONVERSION = YES;
				CLANG_WARN_COMMA = YES;
				CLANG_WARN_CONSTANT_CONVERSION = YES;
				CLANG_WARN_DEPRECATED_OBJC_IMPLEMENTATIONS = YES;
				CLANG_WARN_DIRECT_OBJC_ISA_USAGE = YES_ERROR;
				CLANG_WARN_DOCUMENTATION_COMMENTS = YES;
				CLANG_WARN_EMPTY_BODY = YES;
				CLANG_WARN_ENUM_CONVERSION = YES;
				CLANG_WARN_INFINITE_RECURSION = YES;
				CLANG_WARN_INT_CONVERSION = YES;
				CLANG_WARN_NON_LITERAL_NULL_CONVERSION = YES;
				CLANG_WARN_OBJC_IMPLICIT_RETAIN_SELF = YES;
				CLANG_WARN_OBJC_LITERAL_CONVERSION = YES;
				CLANG_WARN_OBJC_ROOT_CLASS = YES_ERROR;
				CLANG_WARN_QUOTED_INCLUDE_IN_FRAMEWORK_HEADER = YES;
				CLANG_WARN_RANGE_LOOP_ANALYSIS = YES;
				CLANG_WARN_STRICT_PROTOTYPES = YES;
				CLANG_WARN_SUSPICIOUS_MOVE = YES;
				CLANG_WARN_UNGUARDED_AVAILABILITY = YES_AGGRESSIVE;
				CLANG_WARN_UNREACHABLE_CODE = YES;
				CLANG_WARN__DUPLICATE_METHOD_MATCH = YES;
				COPY_PHASE_STRIP = NO;
				DEBUG_INFORMATION_FORMAT = "dwarf-with-dsym";
				ENABLE_NS_ASSERTIONS = NO;
				ENABLE_STRICT_OBJC_MSGSEND = YES;
				GCC_C_LANGUAGE_STANDARD = gnu11;
				GCC_NO_COMMON_BLOCKS = YES;
				GCC_WARN_64_TO_32_BIT_CONVERSION = YES;
				GCC_WARN_ABOUT_RETURN_TYPE = YES_ERROR;
				GCC_WARN_UNDECLARED_SELECTOR = YES;
				GCC_WARN_UNINITIALIZED_AUTOS = YES_AGGRESSIVE;
				GCC_WARN_UNUSED_FUNCTION = YES;
				GCC_WARN_UNUSED_VARIABLE = YES;
				IPHONEOS_DEPLOYMENT_TARGET = 14.5;
				MTL_ENABLE_DEBUG_INFO = NO;
				MTL_FAST_MATH = YES;
				SDKROOT = iphoneos;
				SWIFT_COMPILATION_MODE = wholemodule;
				SWIFT_OPTIMIZATION_LEVEL = "-O";
				VALIDATE_PRODUCT = YES;
			};
			name = Release;
		};
		F8751C4226AC3F6D00B30D8D /* Debug */ = {
			isa = XCBuildConfiguration;
			buildSettings = {
				ASSETCATALOG_COMPILER_APPICON_NAME = AppIcon;
				ASSETCATALOG_COMPILER_GLOBAL_ACCENT_COLOR_NAME = AccentColor;
				CODE_SIGN_STYLE = Automatic;
				DEVELOPMENT_TEAM = 473AAT6556;
				INFOPLIST_FILE = "Project10-PeopleNames/Info.plist";
				LD_RUNPATH_SEARCH_PATHS = (
					"$(inherited)",
					"@executable_path/Frameworks",
				);
				PRODUCT_BUNDLE_IDENTIFIER = "dev.matheuslenke.Project10-PeopleNames";
				PRODUCT_NAME = "$(TARGET_NAME)";
				SWIFT_VERSION = 5.0;
				TARGETED_DEVICE_FAMILY = "1,2";
			};
			name = Debug;
		};
		F8751C4326AC3F6D00B30D8D /* Release */ = {
			isa = XCBuildConfiguration;
			buildSettings = {
				ASSETCATALOG_COMPILER_APPICON_NAME = AppIcon;
				ASSETCATALOG_COMPILER_GLOBAL_ACCENT_COLOR_NAME = AccentColor;
				CODE_SIGN_STYLE = Automatic;
				DEVELOPMENT_TEAM = 473AAT6556;
				INFOPLIST_FILE = "Project10-PeopleNames/Info.plist";
				LD_RUNPATH_SEARCH_PATHS = (
					"$(inherited)",
					"@executable_path/Frameworks",
				);
				PRODUCT_BUNDLE_IDENTIFIER = "dev.matheuslenke.Project10-PeopleNames";
				PRODUCT_NAME = "$(TARGET_NAME)";
				SWIFT_VERSION = 5.0;
				TARGETED_DEVICE_FAMILY = "1,2";
			};
			name = Release;
		};
/* End XCBuildConfiguration section */

/* Begin XCConfigurationList section */
		F8751C2826AC3F6900B30D8D /* Build configuration list for PBXProject "Project10-PeopleNames" */ = {
			isa = XCConfigurationList;
			buildConfigurations = (
				F8751C3F26AC3F6D00B30D8D /* Debug */,
				F8751C4026AC3F6D00B30D8D /* Release */,
			);
			defaultConfigurationIsVisible = 0;
			defaultConfigurationName = Release;
		};
		F8751C4126AC3F6D00B30D8D /* Build configuration list for PBXNativeTarget "Project10-PeopleNames" */ = {
			isa = XCConfigurationList;
			buildConfigurations = (
				F8751C4226AC3F6D00B30D8D /* Debug */,
				F8751C4326AC3F6D00B30D8D /* Release */,
			);
			defaultConfigurationIsVisible = 0;
			defaultConfigurationName = Release;
		};
/* End XCConfigurationList section */
	};
	rootObject = F8751C2526AC3F6900B30D8D /* Project object */;
}
